
Microsoft Visual Studio Solution File, Format Version 12.00
# Visual Studio Version 17
VisualStudioVersion = 17.10.35122.118
MinimumVisualStudioVersion = 10.0.40219.1
Project("{FAE04EC0-301F-11D3-BF4B-00C04F79EFBC}") = "Locauto", "Locauto\Locauto.csproj", "{0799FBC8-3A45-4FD0-AD43-D32861C52EEC}"
EndProject
Global
	GlobalSection(SolutionConfigurationPlatforms) = preSolution
		Debug|Any CPU = Debug|Any CPU
		Release|Any CPU = Release|Any CPU
	EndGlobalSection
	GlobalSection(ProjectConfigurationPlatforms) = postSolution
		{0799FBC8-3A45-4FD0-AD43-D32861C52EEC}.Debug|Any CPU.ActiveCfg = Debug|Any CPU
		{0799FBC8-3A45-4FD0-AD43-D32861C52EEC}.Debug|Any CPU.Build.0 = Debug|Any CPU
		{0799FBC8-3A45-4FD0-AD43-D32861C52EEC}.Release|Any CPU.ActiveCfg = Release|Any CPU
		{0799FBC8-3A45-4FD0-AD43-D32861C52EEC}.Release|Any CPU.Build.0 = Release|Any CPU
	EndGlobalSection
	GlobalSection(SolutionProperties) = preSolution
		HideSolutionNode = FALSE
	EndGlobalSection
	GlobalSection(ExtensibilityGlobals) = postSolution
		SolutionGuid = {65CCE665-74EE-410B-9A1D-6B40E8ABDAA3}
	EndGlobalSection
EndGlobal
